// !$*UTF8*$!
{
	archiveVersion = 1;
	classes = {
	};
	objectVersion = 46;
	objects = {

/* Begin PBXBuildFile section */
		AD5A58D71E7FFA54004B3056 /* NSObject+runTime.m in Sources */ = {isa = PBXBuildFile; fileRef = AD5A58D61E7FFA54004B3056 /* NSObject+runTime.m */; };
		AD5A58DA1E7FFA5F004B3056 /* UIFont+sizeAdjust.m in Sources */ = {isa = PBXBuildFile; fileRef = AD5A58D91E7FFA5F004B3056 /* UIFont+sizeAdjust.m */; };
		AD5A58DE1E7FFBF9004B3056 /* TableViewController.m in Sources */ = {isa = PBXBuildFile; fileRef = AD5A58DC1E7FFBF9004B3056 /* TableViewController.m */; };
		AD5F05861E7B8E9500D70713 /* main.m in Sources */ = {isa = PBXBuildFile; fileRef = AD5F05851E7B8E9500D70713 /* main.m */; };
		AD5F05911E7B8E9500D70713 /* Assets.xcassets in Resources */ = {isa = PBXBuildFile; fileRef = AD5F05901E7B8E9500D70713 /* Assets.xcassets */; };
		AD5F05941E7B8E9500D70713 /* LaunchScreen.storyboard in Resources */ = {isa = PBXBuildFile; fileRef = AD5F05921E7B8E9500D70713 /* LaunchScreen.storyboard */; };
		AD5F059F1E7B8E9500D70713 /* JIESmartTouchTests.m in Sources */ = {isa = PBXBuildFile; fileRef = AD5F059E1E7B8E9500D70713 /* JIESmartTouchTests.m */; };
		AD5F05AA1E7B8E9500D70713 /* JIESmartTouchUITests.m in Sources */ = {isa = PBXBuildFile; fileRef = AD5F05A91E7B8E9500D70713 /* JIESmartTouchUITests.m */; };
		AD5F05BF1E7B8F0300D70713 /* AppDelegate.m in Sources */ = {isa = PBXBuildFile; fileRef = AD5F05B81E7B8F0300D70713 /* AppDelegate.m */; };
		AD5F05C01E7B8F0300D70713 /* JIESettingTouch.m in Sources */ = {isa = PBXBuildFile; fileRef = AD5F05BA1E7B8F0300D70713 /* JIESettingTouch.m */; };
		AD5F05C11E7B8F0300D70713 /* SecondViewController.m in Sources */ = {isa = PBXBuildFile; fileRef = AD5F05BC1E7B8F0300D70713 /* SecondViewController.m */; };
		AD5F05C21E7B8F0300D70713 /* ViewController.m in Sources */ = {isa = PBXBuildFile; fileRef = AD5F05BE1E7B8F0300D70713 /* ViewController.m */; };
		AD5F05C61E7B8F8B00D70713 /* Localizable.strings in Resources */ = {isa = PBXBuildFile; fileRef = AD5F05C81E7B8F8B00D70713 /* Localizable.strings */; };
/* End PBXBuildFile section */

/* Begin PBXContainerItemProxy section */
		AD5F059B1E7B8E9500D70713 /* PBXContainerItemProxy */ = {
			isa = PBXContainerItemProxy;
			containerPortal = AD5F05791E7B8E9500D70713 /* Project object */;
			proxyType = 1;
			remoteGlobalIDString = AD5F05801E7B8E9500D70713;
			remoteInfo = JIESmartTouch;
		};
		AD5F05A61E7B8E9500D70713 /* PBXContainerItemProxy */ = {
			isa = PBXContainerItemProxy;
			containerPortal = AD5F05791E7B8E9500D70713 /* Project object */;
			proxyType = 1;
			remoteGlobalIDString = AD5F05801E7B8E9500D70713;
			remoteInfo = JIESmartTouch;
		};
/* End PBXContainerItemProxy section */

/* Begin PBXFileReference section */
		AD5A58D51E7FFA54004B3056 /* NSObject+runTime.h */ = {isa = PBXFileReference; fileEncoding = 4; lastKnownFileType = sourcecode.c.h; path = "NSObject+runTime.h"; sourceTree = "<group>"; };
		AD5A58D61E7FFA54004B3056 /* NSObject+runTime.m */ = {isa = PBXFileReference; fileEncoding = 4; lastKnownFileType = sourcecode.c.objc; path = "NSObject+runTime.m"; sourceTree = "<group>"; };
		AD5A58D81E7FFA5F004B3056 /* UIFont+sizeAdjust.h */ = {isa = PBXFileReference; fileEncoding = 4; lastKnownFileType = sourcecode.c.h; path = "UIFont+sizeAdjust.h"; sourceTree = "<group>"; };
		AD5A58D91E7FFA5F004B3056 /* UIFont+sizeAdjust.m */ = {isa = PBXFileReference; fileEncoding = 4; lastKnownFileType = sourcecode.c.objc; path = "UIFont+sizeAdjust.m"; sourceTree = "<group>"; };
		AD5A58DB1E7FFBF9004B3056 /* TableViewController.h */ = {isa = PBXFileReference; fileEncoding = 4; lastKnownFileType = sourcecode.c.h; path = TableViewController.h; sourceTree = "<group>"; };
		AD5A58DC1E7FFBF9004B3056 /* TableViewController.m */ = {isa = PBXFileReference; fileEncoding = 4; lastKnownFileType = sourcecode.c.objc; path = TableViewController.m; sourceTree = "<group>"; };
		AD5F05811E7B8E9500D70713 /* JIESmartTouch.app */ = {isa = PBXFileReference; explicitFileType = wrapper.application; includeInIndex = 0; path = JIESmartTouch.app; sourceTree = BUILT_PRODUCTS_DIR; };
		AD5F05851E7B8E9500D70713 /* main.m */ = {isa = PBXFileReference; lastKnownFileType = sourcecode.c.objc; path = main.m; sourceTree = "<group>"; };
		AD5F05901E7B8E9500D70713 /* Assets.xcassets */ = {isa = PBXFileReference; lastKnownFileType = folder.assetcatalog; path = Assets.xcassets; sourceTree = "<group>"; };
		AD5F05931E7B8E9500D70713 /* Base */ = {isa = PBXFileReference; lastKnownFileType = file.storyboard; name = Base; path = Base.lproj/LaunchScreen.storyboard; sourceTree = "<group>"; };
		AD5F05951E7B8E9500D70713 /* Info.plist */ = {isa = PBXFileReference; lastKnownFileType = text.plist.xml; path = Info.plist; sourceTree = "<group>"; };
		AD5F059A1E7B8E9500D70713 /* JIESmartTouchTests.xctest */ = {isa = PBXFileReference; explicitFileType = wrapper.cfbundle; includeInIndex = 0; path = JIESmartTouchTests.xctest; sourceTree = BUILT_PRODUCTS_DIR; };
		AD5F059E1E7B8E9500D70713 /* JIESmartTouchTests.m */ = {isa = PBXFileReference; lastKnownFileType = sourcecode.c.objc; path = JIESmartTouchTests.m; sourceTree = "<group>"; };
		AD5F05A01E7B8E9500D70713 /* Info.plist */ = {isa = PBXFileReference; lastKnownFileType = text.plist.xml; path = Info.plist; sourceTree = "<group>"; };
		AD5F05A51E7B8E9500D70713 /* JIESmartTouchUITests.xctest */ = {isa = PBXFileReference; explicitFileType = wrapper.cfbundle; includeInIndex = 0; path = JIESmartTouchUITests.xctest; sourceTree = BUILT_PRODUCTS_DIR; };
		AD5F05A91E7B8E9500D70713 /* JIESmartTouchUITests.m */ = {isa = PBXFileReference; lastKnownFileType = sourcecode.c.objc; path = JIESmartTouchUITests.m; sourceTree = "<group>"; };
		AD5F05AB1E7B8E9500D70713 /* Info.plist */ = {isa = PBXFileReference; lastKnownFileType = text.plist.xml; path = Info.plist; sourceTree = "<group>"; };
		AD5F05B71E7B8F0300D70713 /* AppDelegate.h */ = {isa = PBXFileReference; fileEncoding = 4; lastKnownFileType = sourcecode.c.h; path = AppDelegate.h; sourceTree = "<group>"; };
		AD5F05B81E7B8F0300D70713 /* AppDelegate.m */ = {isa = PBXFileReference; fileEncoding = 4; lastKnownFileType = sourcecode.c.objc; path = AppDelegate.m; sourceTree = "<group>"; };
		AD5F05B91E7B8F0300D70713 /* JIESettingTouch.h */ = {isa = PBXFileReference; fileEncoding = 4; lastKnownFileType = sourcecode.c.h; path = JIESettingTouch.h; sourceTree = "<group>"; };
		AD5F05BA1E7B8F0300D70713 /* JIESettingTouch.m */ = {isa = PBXFileReference; fileEncoding = 4; lastKnownFileType = sourcecode.c.objc; path = JIESettingTouch.m; sourceTree = "<group>"; };
		AD5F05BB1E7B8F0300D70713 /* SecondViewController.h */ = {isa = PBXFileReference; fileEncoding = 4; lastKnownFileType = sourcecode.c.h; path = SecondViewController.h; sourceTree = "<group>"; };
		AD5F05BC1E7B8F0300D70713 /* SecondViewController.m */ = {isa = PBXFileReference; fileEncoding = 4; lastKnownFileType = sourcecode.c.objc; path = SecondViewController.m; sourceTree = "<group>"; };
		AD5F05BD1E7B8F0300D70713 /* ViewController.h */ = {isa = PBXFileReference; fileEncoding = 4; lastKnownFileType = sourcecode.c.h; path = ViewController.h; sourceTree = "<group>"; };
		AD5F05BE1E7B8F0300D70713 /* ViewController.m */ = {isa = PBXFileReference; fileEncoding = 4; lastKnownFileType = sourcecode.c.objc; path = ViewController.m; sourceTree = "<group>"; };
		AD5F05C71E7B8F8B00D70713 /* en */ = {isa = PBXFileReference; lastKnownFileType = text.plist.strings; name = en; path = en.lproj/Localizable.strings; sourceTree = "<group>"; };
		AD5F05C91E7B901500D70713 /* fr */ = {isa = PBXFileReference; lastKnownFileType = text.plist.strings; name = fr; path = fr.lproj/LaunchScreen.strings; sourceTree = "<group>"; };
		AD5F05CA1E7B901500D70713 /* fr */ = {isa = PBXFileReference; lastKnownFileType = text.plist.strings; name = fr; path = fr.lproj/Localizable.strings; sourceTree = "<group>"; };
		AD5F05CB1E7B901B00D70713 /* de */ = {isa = PBXFileReference; lastKnownFileType = text.plist.strings; name = de; path = de.lproj/LaunchScreen.strings; sourceTree = "<group>"; };
		AD5F05CC1E7B901B00D70713 /* de */ = {isa = PBXFileReference; lastKnownFileType = text.plist.strings; name = de; path = de.lproj/Localizable.strings; sourceTree = "<group>"; };
		AD5F05CD1E7B901F00D70713 /* zh-Hans */ = {isa = PBXFileReference; lastKnownFileType = text.plist.strings; name = "zh-Hans"; path = "zh-Hans.lproj/LaunchScreen.strings"; sourceTree = "<group>"; };
		AD5F05CE1E7B901F00D70713 /* zh-Hans */ = {isa = PBXFileReference; lastKnownFileType = text.plist.strings; name = "zh-Hans"; path = "zh-Hans.lproj/Localizable.strings"; sourceTree = "<group>"; };
		AD5F05CF1E7B902200D70713 /* zh-Hant */ = {isa = PBXFileReference; lastKnownFileType = text.plist.strings; name = "zh-Hant"; path = "zh-Hant.lproj/LaunchScreen.strings"; sourceTree = "<group>"; };
		AD5F05D01E7B902300D70713 /* zh-Hant */ = {isa = PBXFileReference; lastKnownFileType = text.plist.strings; name = "zh-Hant"; path = "zh-Hant.lproj/Localizable.strings"; sourceTree = "<group>"; };
		AD5F05D11E7B902600D70713 /* ja */ = {isa = PBXFileReference; lastKnownFileType = text.plist.strings; name = ja; path = ja.lproj/LaunchScreen.strings; sourceTree = "<group>"; };
		AD5F05D21E7B902600D70713 /* ja */ = {isa = PBXFileReference; lastKnownFileType = text.plist.strings; name = ja; path = ja.lproj/Localizable.strings; sourceTree = "<group>"; };
		AD5F05D31E7B902A00D70713 /* es */ = {isa = PBXFileReference; lastKnownFileType = text.plist.strings; name = es; path = es.lproj/LaunchScreen.strings; sourceTree = "<group>"; };
		AD5F05D41E7B902A00D70713 /* es */ = {isa = PBXFileReference; lastKnownFileType = text.plist.strings; name = es; path = es.lproj/Localizable.strings; sourceTree = "<group>"; };
		AD5F05D51E7B90FF00D70713 /* PrefixHeader.pch */ = {isa = PBXFileReference; fileEncoding = 4; lastKnownFileType = sourcecode.c.h; path = PrefixHeader.pch; sourceTree = "<group>"; };
/* End PBXFileReference section */

/* Begin PBXFrameworksBuildPhase section */
		AD5F057E1E7B8E9500D70713 /* Frameworks */ = {
			isa = PBXFrameworksBuildPhase;
			buildActionMask = 2147483647;
			files = (
			);
			runOnlyForDeploymentPostprocessing = 0;
		};
		AD5F05971E7B8E9500D70713 /* Frameworks */ = {
			isa = PBXFrameworksBuildPhase;
			buildActionMask = 2147483647;
			files = (
			);
			runOnlyForDeploymentPostprocessing = 0;
		};
		AD5F05A21E7B8E9500D70713 /* Frameworks */ = {
			isa = PBXFrameworksBuildPhase;
			buildActionMask = 2147483647;
			files = (
			);
			runOnlyForDeploymentPostprocessing = 0;
		};
/* End PBXFrameworksBuildPhase section */

/* Begin PBXGroup section */
		AD5F05781E7B8E9500D70713 = {
			isa = PBXGroup;
			children = (
				AD5F05831E7B8E9500D70713 /* JIESmartTouch */,
				AD5F059D1E7B8E9500D70713 /* JIESmartTouchTests */,
				AD5F05A81E7B8E9500D70713 /* JIESmartTouchUITests */,
				AD5F05821E7B8E9500D70713 /* Products */,
			);
			sourceTree = "<group>";
		};
		AD5F05821E7B8E9500D70713 /* Products */ = {
			isa = PBXGroup;
			children = (
				AD5F05811E7B8E9500D70713 /* JIESmartTouch.app */,
				AD5F059A1E7B8E9500D70713 /* JIESmartTouchTests.xctest */,
				AD5F05A51E7B8E9500D70713 /* JIESmartTouchUITests.xctest */,
			);
			name = Products;
			sourceTree = "<group>";
		};
		AD5F05831E7B8E9500D70713 /* JIESmartTouch */ = {
			isa = PBXGroup;
			children = (
				AD5F05B71E7B8F0300D70713 /* AppDelegate.h */,
				AD5F05B81E7B8F0300D70713 /* AppDelegate.m */,
				AD5F05B91E7B8F0300D70713 /* JIESettingTouch.h */,
				AD5F05BA1E7B8F0300D70713 /* JIESettingTouch.m */,
				AD5F05BB1E7B8F0300D70713 /* SecondViewController.h */,
				AD5F05BC1E7B8F0300D70713 /* SecondViewController.m */,
				AD5A58DB1E7FFBF9004B3056 /* TableViewController.h */,
				AD5A58DC1E7FFBF9004B3056 /* TableViewController.m */,
				AD5F05BD1E7B8F0300D70713 /* ViewController.h */,
				AD5F05BE1E7B8F0300D70713 /* ViewController.m */,
				AD5A58D81E7FFA5F004B3056 /* UIFont+sizeAdjust.h */,
				AD5A58D91E7FFA5F004B3056 /* UIFont+sizeAdjust.m */,
				AD5A58D51E7FFA54004B3056 /* NSObject+runTime.h */,
				AD5A58D61E7FFA54004B3056 /* NSObject+runTime.m */,
				AD5F05C81E7B8F8B00D70713 /* Localizable.strings */,
				AD5F05901E7B8E9500D70713 /* Assets.xcassets */,
				AD5F05921E7B8E9500D70713 /* LaunchScreen.storyboard */,
				AD5F05951E7B8E9500D70713 /* Info.plist */,
				AD5F05841E7B8E9500D70713 /* Supporting Files */,
			);
			path = JIESmartTouch;
			sourceTree = "<group>";
		};
		AD5F05841E7B8E9500D70713 /* Supporting Files */ = {
			isa = PBXGroup;
			children = (
				AD5F05851E7B8E9500D70713 /* main.m */,
				AD5F05D51E7B90FF00D70713 /* PrefixHeader.pch */,
			);
			name = "Supporting Files";
			sourceTree = "<group>";
		};
		AD5F059D1E7B8E9500D70713 /* JIESmartTouchTests */ = {
			isa = PBXGroup;
			children = (
				AD5F059E1E7B8E9500D70713 /* JIESmartTouchTests.m */,
				AD5F05A01E7B8E9500D70713 /* Info.plist */,
			);
			path = JIESmartTouchTests;
			sourceTree = "<group>";
		};
		AD5F05A81E7B8E9500D70713 /* JIESmartTouchUITests */ = {
			isa = PBXGroup;
			children = (
				AD5F05A91E7B8E9500D70713 /* JIESmartTouchUITests.m */,
				AD5F05AB1E7B8E9500D70713 /* Info.plist */,
			);
			path = JIESmartTouchUITests;
			sourceTree = "<group>";
		};
/* End PBXGroup section */

/* Begin PBXNativeTarget section */
		AD5F05801E7B8E9500D70713 /* JIESmartTouch */ = {
			isa = PBXNativeTarget;
			buildConfigurationList = AD5F05AE1E7B8E9500D70713 /* Build configuration list for PBXNativeTarget "JIESmartTouch" */;
			buildPhases = (
				AD5F057D1E7B8E9500D70713 /* Sources */,
				AD5F057E1E7B8E9500D70713 /* Frameworks */,
				AD5F057F1E7B8E9500D70713 /* Resources */,
			);
			buildRules = (
			);
			dependencies = (
			);
			name = JIESmartTouch;
			productName = JIESmartTouch;
			productReference = AD5F05811E7B8E9500D70713 /* JIESmartTouch.app */;
			productType = "com.apple.product-type.application";
		};
		AD5F05991E7B8E9500D70713 /* JIESmartTouchTests */ = {
			isa = PBXNativeTarget;
			buildConfigurationList = AD5F05B11E7B8E9500D70713 /* Build configuration list for PBXNativeTarget "JIESmartTouchTests" */;
			buildPhases = (
				AD5F05961E7B8E9500D70713 /* Sources */,
				AD5F05971E7B8E9500D70713 /* Frameworks */,
				AD5F05981E7B8E9500D70713 /* Resources */,
			);
			buildRules = (
			);
			dependencies = (
				AD5F059C1E7B8E9500D70713 /* PBXTargetDependency */,
			);
			name = JIESmartTouchTests;
			productName = JIESmartTouchTests;
			productReference = AD5F059A1E7B8E9500D70713 /* JIESmartTouchTests.xctest */;
			productType = "com.apple.product-type.bundle.unit-test";
		};
		AD5F05A41E7B8E9500D70713 /* JIESmartTouchUITests */ = {
			isa = PBXNativeTarget;
			buildConfigurationList = AD5F05B41E7B8E9500D70713 /* Build configuration list for PBXNativeTarget "JIESmartTouchUITests" */;
			buildPhases = (
				AD5F05A11E7B8E9500D70713 /* Sources */,
				AD5F05A21E7B8E9500D70713 /* Frameworks */,
				AD5F05A31E7B8E9500D70713 /* Resources */,
			);
			buildRules = (
			);
			dependencies = (
				AD5F05A71E7B8E9500D70713 /* PBXTargetDependency */,
			);
			name = JIESmartTouchUITests;
			productName = JIESmartTouchUITests;
			productReference = AD5F05A51E7B8E9500D70713 /* JIESmartTouchUITests.xctest */;
			productType = "com.apple.product-type.bundle.ui-testing";
		};
/* End PBXNativeTarget section */

/* Begin PBXProject section */
		AD5F05791E7B8E9500D70713 /* Project object */ = {
			isa = PBXProject;
			attributes = {
				LastUpgradeCheck = 0820;
				ORGANIZATIONNAME = "管宇杰";
				TargetAttributes = {
					AD5F05801E7B8E9500D70713 = {
						CreatedOnToolsVersion = 8.2.1;
						DevelopmentTeam = 4L73H5VHKJ;
						ProvisioningStyle = Automatic;
					};
					AD5F05991E7B8E9500D70713 = {
						CreatedOnToolsVersion = 8.2.1;
						DevelopmentTeam = 4L73H5VHKJ;
						ProvisioningStyle = Automatic;
						TestTargetID = AD5F05801E7B8E9500D70713;
					};
					AD5F05A41E7B8E9500D70713 = {
						CreatedOnToolsVersion = 8.2.1;
						DevelopmentTeam = 4L73H5VHKJ;
						ProvisioningStyle = Automatic;
						TestTargetID = AD5F05801E7B8E9500D70713;
					};
				};
			};
			buildConfigurationList = AD5F057C1E7B8E9500D70713 /* Build configuration list for PBXProject "JIESmartTouch" */;
			compatibilityVersion = "Xcode 3.2";
			developmentRegion = English;
			hasScannedForEncodings = 0;
			knownRegions = (
				en,
				Base,
				fr,
				de,
				"zh-Hans",
				"zh-Hant",
				ja,
				es,
			);
			mainGroup = AD5F05781E7B8E9500D70713;
			productRefGroup = AD5F05821E7B8E9500D70713 /* Products */;
			projectDirPath = "";
			projectRoot = "";
			targets = (
				AD5F05801E7B8E9500D70713 /* JIESmartTouch */,
				AD5F05991E7B8E9500D70713 /* JIESmartTouchTests */,
				AD5F05A41E7B8E9500D70713 /* JIESmartTouchUITests */,
			);
		};
/* End PBXProject section */

/* Begin PBXResourcesBuildPhase section */
		AD5F057F1E7B8E9500D70713 /* Resources */ = {
			isa = PBXResourcesBuildPhase;
			buildActionMask = 2147483647;
			files = (
				AD5F05941E7B8E9500D70713 /* LaunchScreen.storyboard in Resources */,
				AD5F05C61E7B8F8B00D70713 /* Localizable.strings in Resources */,
				AD5F05911E7B8E9500D70713 /* Assets.xcassets in Resources */,
			);
			runOnlyForDeploymentPostprocessing = 0;
		};
		AD5F05981E7B8E9500D70713 /* Resources */ = {
			isa = PBXResourcesBuildPhase;
			buildActionMask = 2147483647;
			files = (
			);
			runOnlyForDeploymentPostprocessing = 0;
		};
		AD5F05A31E7B8E9500D70713 /* Resources */ = {
			isa = PBXResourcesBuildPhase;
			buildActionMask = 2147483647;
			files = (
			);
			runOnlyForDeploymentPostprocessing = 0;
		};
/* End PBXResourcesBuildPhase section */

/* Begin PBXSourcesBuildPhase section */
		AD5F057D1E7B8E9500D70713 /* Sources */ = {
			isa = PBXSourcesBuildPhase;
			buildActionMask = 2147483647;
			files = (
				AD5A58D71E7FFA54004B3056 /* NSObject+runTime.m in Sources */,
				AD5F05C11E7B8F0300D70713 /* SecondViewController.m in Sources */,
				AD5F05BF1E7B8F0300D70713 /* AppDelegate.m in Sources */,
				AD5A58DA1E7FFA5F004B3056 /* UIFont+sizeAdjust.m in Sources */,
				AD5F05C01E7B8F0300D70713 /* JIESettingTouch.m in Sources */,
				AD5F05861E7B8E9500D70713 /* main.m in Sources */,
				AD5F05C21E7B8F0300D70713 /* ViewController.m in Sources */,
				AD5A58DE1E7FFBF9004B3056 /* TableViewController.m in Sources */,
			);
			runOnlyForDeploymentPostprocessing = 0;
		};
		AD5F05961E7B8E9500D70713 /* Sources */ = {
			isa = PBXSourcesBuildPhase;
			buildActionMask = 2147483647;
			files = (
				AD5F059F1E7B8E9500D70713 /* JIESmartTouchTests.m in Sources */,
			);
			runOnlyForDeploymentPostprocessing = 0;
		};
		AD5F05A11E7B8E9500D70713 /* Sources */ = {
			isa = PBXSourcesBuildPhase;
			buildActionMask = 2147483647;
			files = (
				AD5F05AA1E7B8E9500D70713 /* JIESmartTouchUITests.m in Sources */,
			);
			runOnlyForDeploymentPostprocessing = 0;
		};
/* End PBXSourcesBuildPhase section */

/* Begin PBXTargetDependency section */
		AD5F059C1E7B8E9500D70713 /* PBXTargetDependency */ = {
			isa = PBXTargetDependency;
			target = AD5F05801E7B8E9500D70713 /* JIESmartTouch */;
			targetProxy = AD5F059B1E7B8E9500D70713 /* PBXContainerItemProxy */;
		};
		AD5F05A71E7B8E9500D70713 /* PBXTargetDependency */ = {
			isa = PBXTargetDependency;
			target = AD5F05801E7B8E9500D70713 /* JIESmartTouch */;
			targetProxy = AD5F05A61E7B8E9500D70713 /* PBXContainerItemProxy */;
		};
/* End PBXTargetDependency section */

/* Begin PBXVariantGroup section */
		AD5F05921E7B8E9500D70713 /* LaunchScreen.storyboard */ = {
			isa = PBXVariantGroup;
			children = (
				AD5F05931E7B8E9500D70713 /* Base */,
				AD5F05C91E7B901500D70713 /* fr */,
				AD5F05CB1E7B901B00D70713 /* de */,
				AD5F05CD1E7B901F00D70713 /* zh-Hans */,
				AD5F05CF1E7B902200D70713 /* zh-Hant */,
				AD5F05D11E7B902600D70713 /* ja */,
				AD5F05D31E7B902A00D70713 /* es */,
			);
			name = LaunchScreen.storyboard;
			sourceTree = "<group>";
		};
		AD5F05C81E7B8F8B00D70713 /* Localizable.strings */ = {
			isa = PBXVariantGroup;
			children = (
				AD5F05C71E7B8F8B00D70713 /* en */,
				AD5F05CA1E7B901500D70713 /* fr */,
				AD5F05CC1E7B901B00D70713 /* de */,
				AD5F05CE1E7B901F00D70713 /* zh-Hans */,
				AD5F05D01E7B902300D70713 /* zh-Hant */,
				AD5F05D21E7B902600D70713 /* ja */,
				AD5F05D41E7B902A00D70713 /* es */,
			);
			name = Localizable.strings;
			sourceTree = "<group>";
		};
/* End PBXVariantGroup section */

/* Begin XCBuildConfiguration section */
		AD5F05AC1E7B8E9500D70713 /* Debug */ = {
			isa = XCBuildConfiguration;
			buildSettings = {
				ALWAYS_SEARCH_USER_PATHS = NO;
				CLANG_ANALYZER_LOCALIZABILITY_NONLOCALIZED = YES;
				CLANG_ANALYZER_NONNULL = YES;
				CLANG_CXX_LANGUAGE_STANDARD = "gnu++0x";
				CLANG_CXX_LIBRARY = "libc++";
				CLANG_ENABLE_MODULES = YES;
				CLANG_ENABLE_OBJC_ARC = YES;
				CLANG_WARN_BOOL_CONVERSION = YES;
				CLANG_WARN_CONSTANT_CONVERSION = YES;
				CLANG_WARN_DIRECT_OBJC_ISA_USAGE = YES_ERROR;
				CLANG_WARN_DOCUMENTATION_COMMENTS = YES;
				CLANG_WARN_EMPTY_BODY = YES;
				CLANG_WARN_ENUM_CONVERSION = YES;
				CLANG_WARN_INFINITE_RECURSION = YES;
				CLANG_WARN_INT_CONVERSION = YES;
				CLANG_WARN_OBJC_ROOT_CLASS = YES_ERROR;
				CLANG_WARN_SUSPICIOUS_MOVE = YES;
				CLANG_WARN_UNREACHABLE_CODE = YES;
				CLANG_WARN__DUPLICATE_METHOD_MATCH = YES;
				"CODE_SIGN_IDENTITY[sdk=iphoneos*]" = "iPhone Developer";
				COPY_PHASE_STRIP = NO;
				DEBUG_INFORMATION_FORMAT = dwarf;
				ENABLE_STRICT_OBJC_MSGSEND = YES;
				ENABLE_TESTABILITY = YES;
				GCC_C_LANGUAGE_STANDARD = gnu99;
				GCC_DYNAMIC_NO_PIC = NO;
				GCC_NO_COMMON_BLOCKS = YES;
				GCC_OPTIMIZATION_LEVEL = 0;
				GCC_PREPROCESSOR_DEFINITIONS = (
					"DEBUG=1",
					"$(inherited)",
				);
				GCC_WARN_64_TO_32_BIT_CONVERSION = YES;
				GCC_WARN_ABOUT_RETURN_TYPE = YES_ERROR;
				GCC_WARN_UNDECLARED_SELECTOR = YES;
				GCC_WARN_UNINITIALIZED_AUTOS = YES_AGGRESSIVE;
				GCC_WARN_UNUSED_FUNCTION = YES;
				GCC_WARN_UNUSED_VARIABLE = YES;
				IPHONEOS_DEPLOYMENT_TARGET = 10.2;
				MTL_ENABLE_DEBUG_INFO = YES;
				ONLY_ACTIVE_ARCH = YES;
				SDKROOT = iphoneos;
				TARGETED_DEVICE_FAMILY = "1,2";
			};
			name = Debug;
		};
		AD5F05AD1E7B8E9500D70713 /* Release */ = {
			isa = XCBuildConfiguration;
			buildSettings = {
				ALWAYS_SEARCH_USER_PATHS = NO;
				CLANG_ANALYZER_LOCALIZABILITY_NONLOCALIZED = YES;
				CLANG_ANALYZER_NONNULL = YES;
				CLANG_CXX_LANGUAGE_STANDARD = "gnu++0x";
				CLANG_CXX_LIBRARY = "libc++";
				CLANG_ENABLE_MODULES = YES;
				CLANG_ENABLE_OBJC_ARC = YES;
				CLANG_WARN_BOOL_CONVERSION = YES;
				CLANG_WARN_CONSTANT_CONVERSION = YES;
				CLANG_WARN_DIRECT_OBJC_ISA_USAGE = YES_ERROR;
				CLANG_WARN_DOCUMENTATION_COMMENTS = YES;
				CLANG_WARN_EMPTY_BODY = YES;
				CLANG_WARN_ENUM_CONVERSION = YES;
				CLANG_WARN_INFINITE_RECURSION = YES;
				CLANG_WARN_INT_CONVERSION = YES;
				CLANG_WARN_OBJC_ROOT_CLASS = YES_ERROR;
				CLANG_WARN_SUSPICIOUS_MOVE = YES;
				CLANG_WARN_UNREACHABLE_CODE = YES;
				CLANG_WARN__DUPLICATE_METHOD_MATCH = YES;
				"CODE_SIGN_IDENTITY[sdk=iphoneos*]" = "iPhone Developer";
				COPY_PHASE_STRIP = NO;
				DEBUG_INFORMATION_FORMAT = "dwarf-with-dsym";
				ENABLE_NS_ASSERTIONS = NO;
				ENABLE_STRICT_OBJC_MSGSEND = YES;
				GCC_C_LANGUAGE_STANDARD = gnu99;
				GCC_NO_COMMON_BLOCKS = YES;
				GCC_WARN_64_TO_32_BIT_CONVERSION = YES;
				GCC_WARN_ABOUT_RETURN_TYPE = YES_ERROR;
				GCC_WARN_UNDECLARED_SELECTOR = YES;
				GCC_WARN_UNINITIALIZED_AUTOS = YES_AGGRESSIVE;
				GCC_WARN_UNUSED_FUNCTION = YES;
				GCC_WARN_UNUSED_VARIABLE = YES;
				IPHONEOS_DEPLOYMENT_TARGET = 10.2;
				MTL_ENABLE_DEBUG_INFO = NO;
				SDKROOT = iphoneos;
				TARGETED_DEVICE_FAMILY = "1,2";
				VALIDATE_PRODUCT = YES;
			};
			name = Release;
		};
		AD5F05AF1E7B8E9500D70713 /* Debug */ = {
			isa = XCBuildConfiguration;
			buildSettings = {
				ASSETCATALOG_COMPILER_APPICON_NAME = AppIcon;
				DEVELOPMENT_TEAM = 4L73H5VHKJ;
				GCC_PREFIX_HEADER = ./JIESmartTouch/PrefixHeader.pch;
				INFOPLIST_FILE = JIESmartTouch/Info.plist;
				LD_RUNPATH_SEARCH_PATHS = "$(inherited) @executable_path/Frameworks";
				PRODUCT_BUNDLE_IDENTIFIER = "-23.JIESmartTouch";
				PRODUCT_NAME = "$(TARGET_NAME)";
			};
			name = Debug;
		};
		AD5F05B01E7B8E9500D70713 /* Release */ = {
			isa = XCBuildConfiguration;
			buildSettings = {
				ASSETCATALOG_COMPILER_APPICON_NAME = AppIcon;
				DEVELOPMENT_TEAM = 4L73H5VHKJ;
				GCC_PREFIX_HEADER = ./JIESmartTouch/PrefixHeader.pch;
				INFOPLIST_FILE = JIESmartTouch/Info.plist;
				LD_RUNPATH_SEARCH_PATHS = "$(inherited) @executable_path/Frameworks";
				PRODUCT_BUNDLE_IDENTIFIER = "-23.JIESmartTouch";
				PRODUCT_NAME = "$(TARGET_NAME)";
			};
			name = Release;
		};
		AD5F05B21E7B8E9500D70713 /* Debug */ = {
			isa = XCBuildConfiguration;
			buildSettings = {
				BUNDLE_LOADER = "$(TEST_HOST)";
				DEVELOPMENT_TEAM = 4L73H5VHKJ;
				INFOPLIST_FILE = JIESmartTouchTests/Info.plist;
				LD_RUNPATH_SEARCH_PATHS = "$(inherited) @executable_path/Frameworks @loader_path/Frameworks";
				PRODUCT_BUNDLE_IDENTIFIER = "-23.JIESmartTouchTests";
				PRODUCT_NAME = "$(TARGET_NAME)";
				TEST_HOST = "$(BUILT_PRODUCTS_DIR)/JIESmartTouch.app/JIESmartTouch";
			};
			name = Debug;
		};
		AD5F05B31E7B8E9500D70713 /* Release */ = {
			isa = XCBuildConfiguration;
			buildSettings = {
				BUNDLE_LOADER = "$(TEST_HOST)";
				DEVELOPMENT_TEAM = 4L73H5VHKJ;
				INFOPLIST_FILE = JIESmartTouchTests/Info.plist;
				LD_RUNPATH_SEARCH_PATHS = "$(inherited) @executable_path/Frameworks @loader_path/Frameworks";
				PRODUCT_BUNDLE_IDENTIFIER = "-23.JIESmartTouchTests";
				PRODUCT_NAME = "$(TARGET_NAME)";
				TEST_HOST = "$(BUILT_PRODUCTS_DIR)/JIESmartTouch.app/JIESmartTouch";
			};
			name = Release;
		};
		AD5F05B51E7B8E9500D70713 /* Debug */ = {
			isa = XCBuildConfiguration;
			buildSettings = {
				DEVELOPMENT_TEAM = 4L73H5VHKJ;
				INFOPLIST_FILE = JIESmartTouchUITests/Info.plist;
				LD_RUNPATH_SEARCH_PATHS = "$(inherited) @executable_path/Frameworks @loader_path/Frameworks";
				PRODUCT_BUNDLE_IDENTIFIER = "-23.JIESmartTouchUITests";
				PRODUCT_NAME = "$(TARGET_NAME)";
				TEST_TARGET_NAME = JIESmartTouch;
			};
			name = Debug;
		};
		AD5F05B61E7B8E9500D70713 /* Release */ = {
			isa = XCBuildConfiguration;
			buildSettings = {
				DEVELOPMENT_TEAM = 4L73H5VHKJ;
				INFOPLIST_FILE = JIESmartTouchUITests/Info.plist;
				LD_RUNPATH_SEARCH_PATHS = "$(inherited) @executable_path/Frameworks @loader_path/Frameworks";
				PRODUCT_BUNDLE_IDENTIFIER = "-23.JIESmartTouchUITests";
				PRODUCT_NAME = "$(TARGET_NAME)";
				TEST_TARGET_NAME = JIESmartTouch;
			};
			name = Release;
		};
/* End XCBuildConfiguration section */

/* Begin XCConfigurationList section */
		AD5F057C1E7B8E9500D70713 /* Build configuration list for PBXProject "JIESmartTouch" */ = {
			isa = XCConfigurationList;
			buildConfigurations = (
				AD5F05AC1E7B8E9500D70713 /* Debug */,
				AD5F05AD1E7B8E9500D70713 /* Release */,
			);
			defaultConfigurationIsVisible = 0;
			defaultConfigurationName = Release;
		};
		AD5F05AE1E7B8E9500D70713 /* Build configuration list for PBXNativeTarget "JIESmartTouch" */ = {
			isa = XCConfigurationList;
			buildConfigurations = (
				AD5F05AF1E7B8E9500D70713 /* Debug */,
				AD5F05B01E7B8E9500D70713 /* Release */,
			);
			defaultConfigurationIsVisible = 0;
			defaultConfigurationName = Release;
		};
		AD5F05B11E7B8E9500D70713 /* Build configuration list for PBXNativeTarget "JIESmartTouchTests" */ = {
			isa = XCConfigurationList;
			buildConfigurations = (
				AD5F05B21E7B8E9500D70713 /* Debug */,
				AD5F05B31E7B8E9500D70713 /* Release */,
			);
			defaultConfigurationIsVisible = 0;
			defaultConfigurationName = Release;
		};
		AD5F05B41E7B8E9500D70713 /* Build configuration list for PBXNativeTarget "JIESmartTouchUITests" */ = {
			isa = XCConfigurationList;
			buildConfigurations = (
				AD5F05B51E7B8E9500D70713 /* Debug */,
				AD5F05B61E7B8E9500D70713 /* Release */,
			);
			defaultConfigurationIsVisible = 0;
			defaultConfigurationName = Release;
		};
/* End XCConfigurationList section */
	};
	rootObject = AD5F05791E7B8E9500D70713 /* Project object */;
}
